
Microsoft Visual Studio Solution File, Format Version 12.00
# Visual Studio Version 17
VisualStudioVersion = 17.9.34607.119
MinimumVisualStudioVersion = 10.0.40219.1
Project("{FAE04EC0-301F-11D3-BF4B-00C04F79EFBC}") = "Abdul39AA", "Abdul39AA\Abdul39AA.csproj", "{BB6075FB-2F6B-4C5F-95D0-9D9029BFAD54}"
EndProject
Global
	GlobalSection(SolutionConfigurationPlatforms) = preSolution
		Debug|Any CPU = Debug|Any CPU
		Release|Any CPU = Release|Any CPU
	EndGlobalSection
	GlobalSection(ProjectConfigurationPlatforms) = postSolution
		{BB6075FB-2F6B-4C5F-95D0-9D9029BFAD54}.Debug|Any CPU.ActiveCfg = Debug|Any CPU
		{BB6075FB-2F6B-4C5F-95D0-9D9029BFAD54}.Debug|Any CPU.Build.0 = Debug|Any CPU
		{BB6075FB-2F6B-4C5F-95D0-9D9029BFAD54}.Release|Any CPU.ActiveCfg = Release|Any CPU
		{BB6075FB-2F6B-4C5F-95D0-9D9029BFAD54}.Release|Any CPU.Build.0 = Release|Any CPU
	EndGlobalSection
	GlobalSection(SolutionProperties) = preSolution
		HideSolutionNode = FALSE
	EndGlobalSection
	GlobalSection(ExtensibilityGlobals) = postSolution
		SolutionGuid = {ABFA64A5-A2AD-4FEF-BECC-697F021306C3}
	EndGlobalSection
EndGlobal
